
Microsoft Visual Studio Solution File, Format Version 12.00
# Visual Studio Version 17
VisualStudioVersion = 17.5.33516.290
MinimumVisualStudioVersion = 10.0.40219.1
Project("{FAE04EC0-301F-11D3-BF4B-00C04F79EFBC}") = "FizzBuzzProgram", "FizzBuzzProgram\FizzBuzzProgram.csproj", "{30B98A73-1857-4817-B6C7-C677DF4EE59D}"
EndProject
Global
	GlobalSection(SolutionConfigurationPlatforms) = preSolution
		Debug|Any CPU = Debug|Any CPU
		Release|Any CPU = Release|Any CPU
	EndGlobalSection
	GlobalSection(ProjectConfigurationPlatforms) = postSolution
		{30B98A73-1857-4817-B6C7-C677DF4EE59D}.Debug|Any CPU.ActiveCfg = Debug|Any CPU
		{30B98A73-1857-4817-B6C7-C677DF4EE59D}.Debug|Any CPU.Build.0 = Debug|Any CPU
		{30B98A73-1857-4817-B6C7-C677DF4EE59D}.Release|Any CPU.ActiveCfg = Release|Any CPU
		{30B98A73-1857-4817-B6C7-C677DF4EE59D}.Release|Any CPU.Build.0 = Release|Any CPU
	EndGlobalSection
	GlobalSection(SolutionProperties) = preSolution
		HideSolutionNode = FALSE
	EndGlobalSection
	GlobalSection(ExtensibilityGlobals) = postSolution
		SolutionGuid = {B551E529-DCE3-4913-83F0-3F742D25B83A}
	EndGlobalSection
EndGlobal
